{
  "name": "@microsearch/g4api",
  "version": "1.5.2",
  "lockfileVersion": 1,
  "requires": true,
  "dependencies": {
    "@babel/code-frame": {
      "version": "7.16.7",
      "resolved": "https://microsearch-459337139867.d.codeartifact.us-east-1.amazonaws.com:443/npm/microsearch/@babel/code-frame/-/code-frame-7.16.7.tgz",
      "integrity": "sha512-iAXqUn8IIeBTNd72xsFlgaXHkMBMt6y4HJp1tIaK465CWLT/fG1aqB7ykr95gHHmlBdGbFeWWfyB4NJJ0nmeIg==",
      "dev": true,
      "requires": {
        "@babel/highlight": "^7.16.7"
      }
    },
    "@babel/helper-validator-identifier": {
      "version": "7.16.7",
      "resolved": "https://microsearch-459337139867.d.codeartifact.us-east-1.amazonaws.com:443/npm/microsearch/@babel/helper-validator-identifier/-/helper-validator-identifier-7.16.7.tgz",
      "integrity": "sha512-hsEnFemeiW4D08A5gUAZxLBTXpZ39P+a+DGDsHw1yxqyQ/jzFEnxf5uTEGp+3bzAbNOxU1paTgYS4ECU/IgfDw==",
      "dev": true
    },
    "@babel/highlight": {
      "version": "7.17.12",
      "resolved": "https://microsearch-459337139867.d.codeartifact.us-east-1.amazonaws.com:443/npm/microsearch/@babel/highlight/-/highlight-7.17.12.tgz",
      "integrity": "sha512-7yykMVF3hfZY2jsHZEEgLc+3x4o1O+fYyULu11GynEUQNwB6lua+IIQn1FiJxNucd5UlyJryrwsOh8PL9Sn8Qg==",
      "dev": true,
      "requires": {
        "@babel/helper-validator-identifier": "^7.16.7",
        "chalk": "^2.0.0",
        "js-tokens": "^4.0.0"
      }
    },
    "@exodus/schemasafe": {
      "version": "1.0.0-rc.6",
      "resolved": "https://microsearch-459337139867.d.codeartifact.us-east-1.amazonaws.com:443/npm/microsearch/@exodus/schemasafe/-/schemasafe-1.0.0-rc.6.tgz",
      "integrity": "sha512-dDnQizD94EdBwEj/fh3zPRa/HWCS9O5au2PuHhZBbuM3xWHxuaKzPBOEWze7Nn0xW68MIpZ7Xdyn1CoCpjKCuQ==",
      "dev": true
    },
    "@types/parse-json": {
      "version": "4.0.0",
      "resolved": "https://microsearch-459337139867.d.codeartifact.us-east-1.amazonaws.com:443/npm/microsearch/@types/parse-json/-/parse-json-4.0.0.tgz",
      "integrity": "sha512-//oorEZjL6sbPcKUaCdIGlIUeH26mgzimjBB77G6XRgnDl/L5wOnpyBGRe/Mmf5CVW3PwEBE1NjiMZ/ssFh4wA==",
      "dev": true
    },
    "@types/swagger-schema-official": {
      "version": "2.0.21",
      "resolved": "https://microsearch-459337139867.d.codeartifact.us-east-1.amazonaws.com:443/npm/microsearch/@types/swagger-schema-official/-/swagger-schema-official-2.0.21.tgz",
      "integrity": "sha512-n9BbLOjR4Hre7B4TSGGMPohOgOg8tcp00uxqsIE00uuWQC0QuX57G1bqC1csLsk2DpTGtHkd0dEb3ipsCZ9dAA==",
      "dev": true
    },
    "ansi-regex": {
      "version": "5.0.1",
      "resolved": "https://microsearch-459337139867.d.codeartifact.us-east-1.amazonaws.com:443/npm/microsearch/ansi-regex/-/ansi-regex-5.0.1.tgz",
      "integrity": "sha512-quJQXlTSUGL2LH9SUXo8VwsY4soanhgo6LNSm84E1LBcE8s3O0wpdiRzyR9z/ZZJMlMWv37qOOb9pdJlMUEKFQ==",
      "dev": true
    },
    "ansi-styles": {
      "version": "3.2.1",
      "resolved": "https://microsearch-459337139867.d.codeartifact.us-east-1.amazonaws.com:443/npm/microsearch/ansi-styles/-/ansi-styles-3.2.1.tgz",
      "integrity": "sha512-VT0ZI6kZRdTh8YyJw3SMbYm/u+NqfsAxEpWO0Pf9sq8/e94WxxOpPKx9FR1FlyCtOVDNOQ+8ntlqFxiRc+r5qA==",
      "dev": true,
      "requires": {
        "color-convert": "^1.9.0"
      }
    },
    "argparse": {
      "version": "2.0.1",
      "resolved": "https://microsearch-459337139867.d.codeartifact.us-east-1.amazonaws.com:443/npm/microsearch/argparse/-/argparse-2.0.1.tgz",
      "integrity": "sha512-8+9WqebbFzpX9OR+Wa6O29asIogeRMzcGtAINdpMHHyAg10f05aSFVBbcEqGf/PXw1EjAZ+q2/bEBg3DvurK3Q==",
      "dev": true
    },
    "axios": {
      "version": "0.21.4",
      "resolved": "https://microsearch-459337139867.d.codeartifact.us-east-1.amazonaws.com:443/npm/microsearch/axios/-/axios-0.21.4.tgz",
      "integrity": "sha512-ut5vewkiu8jjGBdqpM44XxjuCjq9LAKeHVmoVfHVzy8eHgxxq8SbAVQNovDA8mVi05kP0Ea/n/UzcSHcTJQfNg==",
      "requires": {
        "follow-redirects": "^1.14.0"
      }
    },
    "balanced-match": {
      "version": "1.0.2",
      "resolved": "https://microsearch-459337139867.d.codeartifact.us-east-1.amazonaws.com:443/npm/microsearch/balanced-match/-/balanced-match-1.0.2.tgz",
      "integrity": "sha512-3oSeUO0TMV67hN1AmbXsK4yaqU7tjiHlbxRDZOpH0KW9+CeX4bRAaX0Anxt0tx2MrpRpWwQaPwIlISEJhYU5Pw==",
      "dev": true
    },
    "brace-expansion": {
      "version": "2.0.1",
      "resolved": "https://microsearch-459337139867.d.codeartifact.us-east-1.amazonaws.com:443/npm/microsearch/brace-expansion/-/brace-expansion-2.0.1.tgz",
      "integrity": "sha512-XnAIvQ8eM+kC6aULx6wuQiwVsnzsi9d3WxzV3FpWTGA19F621kwdbsAcFKXgKUHZWsy+mY6iL1sHTxWEFCytDA==",
      "dev": true,
      "requires": {
        "balanced-match": "^1.0.0"
      }
    },
    "call-me-maybe": {
      "version": "1.0.1",
      "resolved": "https://microsearch-459337139867.d.codeartifact.us-east-1.amazonaws.com:443/npm/microsearch/call-me-maybe/-/call-me-maybe-1.0.1.tgz",
      "integrity": "sha512-wCyFsDQkKPwwF8BDwOiWNx/9K45L/hvggQiDbve+viMNMQnWhrlYIuBk09offfwCRtCO9P6XwUttufzU11WCVw==",
      "dev": true
    },
    "callsites": {
      "version": "3.1.0",
      "resolved": "https://microsearch-459337139867.d.codeartifact.us-east-1.amazonaws.com:443/npm/microsearch/callsites/-/callsites-3.1.0.tgz",
      "integrity": "sha512-P8BjAsXvZS+VIDUI11hHCQEv74YT67YUi5JJFNWIqL235sBmjX4+qx9Muvls5ivyNENctx46xQLQ3aTuE7ssaQ==",
      "dev": true
    },
    "chalk": {
      "version": "2.4.2",
      "resolved": "https://microsearch-459337139867.d.codeartifact.us-east-1.amazonaws.com:443/npm/microsearch/chalk/-/chalk-2.4.2.tgz",
      "integrity": "sha512-Mti+f9lpJNcwF4tWV8/OrTTtF1gZi+f8FqlyAdouralcFWFQWF2+NgCHShjkCb+IFBLq9buZwE1xckQU4peSuQ==",
      "dev": true,
      "requires": {
        "ansi-styles": "^3.2.1",
        "escape-string-regexp": "^1.0.5",
        "supports-color": "^5.3.0"
      }
    },
    "cliui": {
      "version": "7.0.4",
      "resolved": "https://microsearch-459337139867.d.codeartifact.us-east-1.amazonaws.com:443/npm/microsearch/cliui/-/cliui-7.0.4.tgz",
      "integrity": "sha512-OcRE68cOsVMXp1Yvonl/fzkQOyjLSu/8bhPDfQt0e0/Eb283TKP20Fs2MqoPsr9SwA595rRCA+QMzYc9nBP+JQ==",
      "dev": true,
      "requires": {
        "string-width": "^4.2.0",
        "strip-ansi": "^6.0.0",
        "wrap-ansi": "^7.0.0"
      }
    },
    "color-convert": {
      "version": "1.9.3",
      "resolved": "https://microsearch-459337139867.d.codeartifact.us-east-1.amazonaws.com:443/npm/microsearch/color-convert/-/color-convert-1.9.3.tgz",
      "integrity": "sha512-QfAUtd+vFdAtFQcC8CCyYt1fYWxSqAiK2cSD6zDB8N3cpsEBAvRxp9zOGg6G/SHHJYAT88/az/IuDGALsNVbGg==",
      "dev": true,
      "requires": {
        "color-name": "1.1.3"
      }
    },
    "color-name": {
      "version": "1.1.3",
      "resolved": "https://microsearch-459337139867.d.codeartifact.us-east-1.amazonaws.com:443/npm/microsearch/color-name/-/color-name-1.1.3.tgz",
      "integrity": "sha1-p9BVi9icQveV3UIyj3QIMcpTvCU=",
      "dev": true
    },
    "commander": {
      "version": "6.2.1",
      "resolved": "https://microsearch-459337139867.d.codeartifact.us-east-1.amazonaws.com:443/npm/microsearch/commander/-/commander-6.2.1.tgz",
      "integrity": "sha512-U7VdrJFnJgo4xjrHpTzu0yrHPGImdsmD95ZlgYSEajAn2JKzDhDTPG9kBTefmObL2w/ngeZnilk+OV9CG3d7UA==",
      "dev": true
    },
    "cosmiconfig": {
      "version": "7.0.1",
      "resolved": "https://microsearch-459337139867.d.codeartifact.us-east-1.amazonaws.com:443/npm/microsearch/cosmiconfig/-/cosmiconfig-7.0.1.tgz",
      "integrity": "sha512-a1YWNUV2HwGimB7dU2s1wUMurNKjpx60HxBB6xUM8Re+2s1g1IIfJvFR0/iCF+XHdE0GMTKTuLR32UQff4TEyQ==",
      "dev": true,
      "requires": {
        "@types/parse-json": "^4.0.0",
        "import-fresh": "^3.2.1",
        "parse-json": "^5.0.0",
        "path-type": "^4.0.0",
        "yaml": "^1.10.0"
      }
    },
    "emoji-regex": {
      "version": "8.0.0",
      "resolved": "https://microsearch-459337139867.d.codeartifact.us-east-1.amazonaws.com:443/npm/microsearch/emoji-regex/-/emoji-regex-8.0.0.tgz",
      "integrity": "sha512-MSjYzcWNOA0ewAHpz0MxpYFvwg6yjy1NG3xteoqz644VCo/RPgnr1/GGt+ic3iJTzQ8Eu3TdM14SawnVUmGE6A==",
      "dev": true
    },
    "error-ex": {
      "version": "1.3.2",
      "resolved": "https://microsearch-459337139867.d.codeartifact.us-east-1.amazonaws.com:443/npm/microsearch/error-ex/-/error-ex-1.3.2.tgz",
      "integrity": "sha512-7dFHNmqeFSEt2ZBsCriorKnn3Z2pj+fd9kmI6QoWw4//DL+icEBfc0U7qJCisqrTsKTjw4fNFy2pW9OqStD84g==",
      "dev": true,
      "requires": {
        "is-arrayish": "^0.2.1"
      }
    },
    "es6-promise": {
      "version": "3.3.1",
      "resolved": "https://microsearch-459337139867.d.codeartifact.us-east-1.amazonaws.com:443/npm/microsearch/es6-promise/-/es6-promise-3.3.1.tgz",
      "integrity": "sha512-SOp9Phqvqn7jtEUxPWdWfWoLmyt2VaJ6MpvP9Comy1MceMXqE6bxvaTu4iaxpYYPzhny28Lc+M87/c2cPK6lDg==",
      "dev": true
    },
    "escalade": {
      "version": "3.1.1",
      "resolved": "https://microsearch-459337139867.d.codeartifact.us-east-1.amazonaws.com:443/npm/microsearch/escalade/-/escalade-3.1.1.tgz",
      "integrity": "sha512-k0er2gUkLf8O0zKJiAhmkTnJlTvINGv7ygDNPbeIsX/TJjGJZHuh9B2UxbsaEkmlEo9MfhrSzmhIlhRlI2GXnw==",
      "dev": true
    },
    "escape-string-regexp": {
      "version": "1.0.5",
      "resolved": "https://microsearch-459337139867.d.codeartifact.us-east-1.amazonaws.com:443/npm/microsearch/escape-string-regexp/-/escape-string-regexp-1.0.5.tgz",
      "integrity": "sha1-G2HAViGQqN/2rjuyzwIAyhMLhtQ=",
      "dev": true
    },
    "eta": {
      "version": "1.12.3",
      "resolved": "https://microsearch-459337139867.d.codeartifact.us-east-1.amazonaws.com:443/npm/microsearch/eta/-/eta-1.12.3.tgz",
      "integrity": "sha512-qHixwbDLtekO/d51Yr4glcaUJCIjGVJyTzuqV4GPlgZo1YpgOKG+avQynErZIYrfM6JIJdtiG2Kox8tbb+DoGg==",
      "dev": true
    },
    "fast-safe-stringify": {
      "version": "2.1.1",
      "resolved": "https://microsearch-459337139867.d.codeartifact.us-east-1.amazonaws.com:443/npm/microsearch/fast-safe-stringify/-/fast-safe-stringify-2.1.1.tgz",
      "integrity": "sha512-W+KJc2dmILlPplD/H4K9l9LcAHAfPtP6BY84uVLXQ6Evcz9Lcg33Y2z1IVblT6xdY54PXYVHEv+0Wpq8Io6zkA==",
      "dev": true
    },
    "follow-redirects": {
      "version": "1.15.1",
      "resolved": "https://microsearch-459337139867.d.codeartifact.us-east-1.amazonaws.com:443/npm/microsearch/follow-redirects/-/follow-redirects-1.15.1.tgz",
      "integrity": "sha512-yLAMQs+k0b2m7cVxpS1VKJVvoz7SS9Td1zss3XRwXj+ZDH00RJgnuLx7E44wx02kQLrdM3aOOy+FpzS7+8OizA=="
    },
    "fs.realpath": {
      "version": "1.0.0",
      "resolved": "https://microsearch-459337139867.d.codeartifact.us-east-1.amazonaws.com:443/npm/microsearch/fs.realpath/-/fs.realpath-1.0.0.tgz",
      "integrity": "sha1-FQStJSMVjKpA20onh8sBQRmU6k8=",
      "dev": true
    },
    "get-caller-file": {
      "version": "2.0.5",
      "resolved": "https://microsearch-459337139867.d.codeartifact.us-east-1.amazonaws.com:443/npm/microsearch/get-caller-file/-/get-caller-file-2.0.5.tgz",
      "integrity": "sha512-DyFP3BM/3YHTQOCUL/w0OZHR0lpKeGrxotcHWcqNEdnltqFwXVfhEBQ94eIo34AfQpo0rGki4cyIiftY06h2Fg==",
      "dev": true
    },
    "glob": {
      "version": "8.0.3",
      "resolved": "https://microsearch-459337139867.d.codeartifact.us-east-1.amazonaws.com:443/npm/microsearch/glob/-/glob-8.0.3.tgz",
      "integrity": "sha512-ull455NHSHI/Y1FqGaaYFaLGkNMMJbavMrEGFXG/PGrg6y7sutWHUHrz6gy6WEBH6akM1M414dWKCNs+IhKdiQ==",
      "dev": true,
      "requires": {
        "fs.realpath": "^1.0.0",
        "inflight": "^1.0.4",
        "inherits": "2",
        "minimatch": "^5.0.1",
        "once": "^1.3.0"
      }
    },
    "has-flag": {
      "version": "3.0.0",
      "resolved": "https://microsearch-459337139867.d.codeartifact.us-east-1.amazonaws.com:443/npm/microsearch/has-flag/-/has-flag-3.0.0.tgz",
      "integrity": "sha1-tdRU3CGZriJWmfNGfloH87lVuv0=",
      "dev": true
    },
    "http2-client": {
      "version": "1.3.5",
      "resolved": "https://microsearch-459337139867.d.codeartifact.us-east-1.amazonaws.com:443/npm/microsearch/http2-client/-/http2-client-1.3.5.tgz",
      "integrity": "sha512-EC2utToWl4RKfs5zd36Mxq7nzHHBuomZboI0yYL6Y0RmBgT7Sgkq4rQ0ezFTYoIsSs7Tm9SJe+o2FcAg6GBhGA==",
      "dev": true
    },
    "import-fresh": {
      "version": "3.3.0",
      "resolved": "https://microsearch-459337139867.d.codeartifact.us-east-1.amazonaws.com:443/npm/microsearch/import-fresh/-/import-fresh-3.3.0.tgz",
      "integrity": "sha512-veYYhQa+D1QBKznvhUHxb8faxlrwUnxseDAbAp457E0wLNio2bOSKnjYDhMj+YiAq61xrMGhQk9iXVk5FzgQMw==",
      "dev": true,
      "requires": {
        "parent-module": "^1.0.0",
        "resolve-from": "^4.0.0"
      }
    },
    "index-populator": {
      "version": "1.0.5",
      "resolved": "https://microsearch-459337139867.d.codeartifact.us-east-1.amazonaws.com:443/npm/microsearch/index-populator/-/index-populator-1.0.5.tgz",
      "integrity": "sha512-lkQ0Z4SIAYcVurz1XoXo3bTnwwbwnouZjEdA9TKl69TsWc34NGd31JltLueSF19HFnQBpARDQ6YSqugJOI1GYw==",
      "dev": true
    },
    "inflight": {
      "version": "1.0.6",
      "resolved": "https://microsearch-459337139867.d.codeartifact.us-east-1.amazonaws.com:443/npm/microsearch/inflight/-/inflight-1.0.6.tgz",
      "integrity": "sha1-Sb1jMdfQLQwJvJEKEHW6gWW1bfk=",
      "dev": true,
      "requires": {
        "once": "^1.3.0",
        "wrappy": "1"
      }
    },
    "inherits": {
      "version": "2.0.4",
      "resolved": "https://microsearch-459337139867.d.codeartifact.us-east-1.amazonaws.com:443/npm/microsearch/inherits/-/inherits-2.0.4.tgz",
      "integrity": "sha512-k/vGaX4/Yla3WzyMCvTQOXYeIHvqOKtnqBduzTHpzpQZzAskKMhZ2K+EnBiSM9zGSoIFeMpXKxa4dYeZIQqewQ==",
      "dev": true
    },
    "is-arrayish": {
      "version": "0.2.1",
      "resolved": "https://microsearch-459337139867.d.codeartifact.us-east-1.amazonaws.com:443/npm/microsearch/is-arrayish/-/is-arrayish-0.2.1.tgz",
      "integrity": "sha1-d8mYQFJ6qOyxqLppe4BkWnqSap0=",
      "dev": true
    },
    "is-fullwidth-code-point": {
      "version": "3.0.0",
      "resolved": "https://microsearch-459337139867.d.codeartifact.us-east-1.amazonaws.com:443/npm/microsearch/is-fullwidth-code-point/-/is-fullwidth-code-point-3.0.0.tgz",
      "integrity": "sha512-zymm5+u+sCsSWyD9qNaejV3DFvhCKclKdizYaJUuHA83RLjb7nSuGnddCHGv0hk+KY7BMAlsWeK4Ueg6EV6XQg==",
      "dev": true
    },
    "js-tokens": {
      "version": "4.0.0",
      "resolved": "https://microsearch-459337139867.d.codeartifact.us-east-1.amazonaws.com:443/npm/microsearch/js-tokens/-/js-tokens-4.0.0.tgz",
      "integrity": "sha512-RdJUflcE3cUzKiMqQgsCu06FPu9UdIJO0beYbPhHN4k6apgJtifcoCtT9bcxOpYBtpD2kCM6Sbzg4CausW/PKQ==",
      "dev": true
    },
    "js-yaml": {
      "version": "4.1.0",
      "resolved": "https://microsearch-459337139867.d.codeartifact.us-east-1.amazonaws.com:443/npm/microsearch/js-yaml/-/js-yaml-4.1.0.tgz",
      "integrity": "sha512-wpxZs9NoxZaJESJGIZTyDEaYpl0FKSA+FB9aJiyemKhMwkxQg63h4T1KJgUGHpTqPDNRcmmYLugrRjJlBtWvRA==",
      "dev": true,
      "requires": {
        "argparse": "^2.0.1"
      }
    },
    "json-parse-even-better-errors": {
      "version": "2.3.1",
      "resolved": "https://microsearch-459337139867.d.codeartifact.us-east-1.amazonaws.com:443/npm/microsearch/json-parse-even-better-errors/-/json-parse-even-better-errors-2.3.1.tgz",
      "integrity": "sha512-xyFwyhro/JEof6Ghe2iz2NcXoj2sloNsWr/XsERDK/oiPCfaNhl5ONfp+jQdAZRQQ0IJWNzH9zIZF7li91kh2w==",
      "dev": true
    },
    "jsonc-parser": {
      "version": "3.0.0",
      "resolved": "https://microsearch-459337139867.d.codeartifact.us-east-1.amazonaws.com:443/npm/microsearch/jsonc-parser/-/jsonc-parser-3.0.0.tgz",
      "integrity": "sha512-fQzRfAbIBnR0IQvftw9FJveWiHp72Fg20giDrHz6TdfB12UH/uue0D3hm57UB5KgAVuniLMCaS8P1IMj9NR7cA==",
      "dev": true
    },
    "lines-and-columns": {
      "version": "1.2.4",
      "resolved": "https://microsearch-459337139867.d.codeartifact.us-east-1.amazonaws.com:443/npm/microsearch/lines-and-columns/-/lines-and-columns-1.2.4.tgz",
      "integrity": "sha512-7ylylesZQ/PV29jhEDl3Ufjo6ZX7gCqJr5F7PKrqc93v7fzSymt1BpwEU8nAUXs8qzzvqhbjhK5QZg6Mt/HkBg==",
      "dev": true
    },
    "lodash": {
      "version": "4.17.21",
      "resolved": "https://microsearch-459337139867.d.codeartifact.us-east-1.amazonaws.com:443/npm/microsearch/lodash/-/lodash-4.17.21.tgz",
      "integrity": "sha512-v2kDEe57lecTulaDIuNTPy3Ry4gLGJ6Z1O3vE1krgXZNrsQ+LFTGHVxVjcXPs17LhbZVGedAJv8XZ1tvj5FvSg==",
      "dev": true
    },
    "lunr": {
      "version": "2.3.9",
      "resolved": "https://microsearch-459337139867.d.codeartifact.us-east-1.amazonaws.com:443/npm/microsearch/lunr/-/lunr-2.3.9.tgz",
      "integrity": "sha512-zTU3DaZaF3Rt9rhN3uBMGQD3dD2/vFQqnvZCDv4dl5iOzq2IZQqTxu90r4E5J+nP70J3ilqVCrbho2eWaeW8Ow==",
      "dev": true
    },
    "make-dir": {
      "version": "3.1.0",
      "resolved": "https://microsearch-459337139867.d.codeartifact.us-east-1.amazonaws.com:443/npm/microsearch/make-dir/-/make-dir-3.1.0.tgz",
      "integrity": "sha512-g3FeP20LNwhALb/6Cz6Dd4F2ngze0jz7tbzrD2wAV+o9FeNHe4rL+yK2md0J/fiSf1sa1ADhXqi5+oVwOM/eGw==",
      "dev": true,
      "requires": {
        "semver": "^6.0.0"
      }
    },
    "marked": {
      "version": "4.0.16",
      "resolved": "https://microsearch-459337139867.d.codeartifact.us-east-1.amazonaws.com:443/npm/microsearch/marked/-/marked-4.0.16.tgz",
      "integrity": "sha512-wahonIQ5Jnyatt2fn8KqF/nIqZM8mh3oRu2+l5EANGMhu6RFjiSG52QNE2eWzFMI94HqYSgN184NurgNG6CztA==",
      "dev": true
    },
    "minimatch": {
      "version": "5.1.0",
      "resolved": "https://microsearch-459337139867.d.codeartifact.us-east-1.amazonaws.com:443/npm/microsearch/minimatch/-/minimatch-5.1.0.tgz",
      "integrity": "sha512-9TPBGGak4nHfGZsPBohm9AWg6NoT7QTCehS3BIJABslyZbzxfV78QM2Y6+i741OPZIafFAaiiEMh5OyIrJPgtg==",
      "dev": true,
      "requires": {
        "brace-expansion": "^2.0.1"
      }
    },
    "nanoid": {
      "version": "3.3.4",
      "resolved": "https://microsearch-459337139867.d.codeartifact.us-east-1.amazonaws.com:443/npm/microsearch/nanoid/-/nanoid-3.3.4.tgz",
      "integrity": "sha512-MqBkQh/OHTS2egovRtLk45wEyNXwF+cokD+1YPf9u5VfJiRdAiRwB2froX5Co9Rh20xs4siNPm8naNotSD6RBw==",
      "dev": true
    },
    "node-emoji": {
      "version": "1.11.0",
      "resolved": "https://microsearch-459337139867.d.codeartifact.us-east-1.amazonaws.com:443/npm/microsearch/node-emoji/-/node-emoji-1.11.0.tgz",
      "integrity": "sha512-wo2DpQkQp7Sjm2A0cq+sN7EHKO6Sl0ctXeBdFZrL9T9+UywORbufTcTZxom8YqpLQt/FqNMUkOpkZrJVYSKD3A==",
      "dev": true,
      "requires": {
        "lodash": "^4.17.21"
      }
    },
    "node-fetch": {
      "version": "2.6.7",
      "resolved": "https://microsearch-459337139867.d.codeartifact.us-east-1.amazonaws.com:443/npm/microsearch/node-fetch/-/node-fetch-2.6.7.tgz",
      "integrity": "sha512-ZjMPFEfVx5j+y2yF35Kzx5sF7kDzxuDj6ziH4FFbOp87zKDZNx8yExJIb05OGF4Nlt9IHFIMBkRl41VdvcNdbQ==",
      "dev": true,
      "requires": {
        "whatwg-url": "^5.0.0"
      }
    },
    "node-fetch-h2": {
      "version": "2.3.0",
      "resolved": "https://microsearch-459337139867.d.codeartifact.us-east-1.amazonaws.com:443/npm/microsearch/node-fetch-h2/-/node-fetch-h2-2.3.0.tgz",
      "integrity": "sha512-ofRW94Ab0T4AOh5Fk8t0h8OBWrmjb0SSB20xh1H8YnPV9EJ+f5AMoYSUQ2zgJ4Iq2HAK0I2l5/Nequ8YzFS3Hg==",
      "dev": true,
      "requires": {
        "http2-client": "^1.2.5"
      }
    },
    "node-readfiles": {
      "version": "0.2.0",
      "resolved": "https://microsearch-459337139867.d.codeartifact.us-east-1.amazonaws.com:443/npm/microsearch/node-readfiles/-/node-readfiles-0.2.0.tgz",
      "integrity": "sha512-SU00ZarexNlE4Rjdm83vglt5Y9yiQ+XI1XpflWlb7q7UTN1JUItm69xMeiQCTxtTfnzt+83T8Cx+vI2ED++VDA==",
      "dev": true,
      "requires": {
        "es6-promise": "^3.2.1"
      }
    },
    "oas-kit-common": {
      "version": "1.0.8",
      "resolved": "https://microsearch-459337139867.d.codeartifact.us-east-1.amazonaws.com:443/npm/microsearch/oas-kit-common/-/oas-kit-common-1.0.8.tgz",
      "integrity": "sha512-pJTS2+T0oGIwgjGpw7sIRU8RQMcUoKCDWFLdBqKB2BNmGpbBMH2sdqAaOXUg8OzonZHU0L7vfJu1mJFEiYDWOQ==",
      "dev": true,
      "requires": {
        "fast-safe-stringify": "^2.0.7"
      }
    },
    "oas-linter": {
      "version": "3.2.2",
      "resolved": "https://microsearch-459337139867.d.codeartifact.us-east-1.amazonaws.com:443/npm/microsearch/oas-linter/-/oas-linter-3.2.2.tgz",
      "integrity": "sha512-KEGjPDVoU5K6swgo9hJVA/qYGlwfbFx+Kg2QB/kd7rzV5N8N5Mg6PlsoCMohVnQmo+pzJap/F610qTodKzecGQ==",
      "dev": true,
      "requires": {
        "@exodus/schemasafe": "^1.0.0-rc.2",
        "should": "^13.2.1",
        "yaml": "^1.10.0"
      }
    },
    "oas-resolver": {
      "version": "2.5.6",
      "resolved": "https://microsearch-459337139867.d.codeartifact.us-east-1.amazonaws.com:443/npm/microsearch/oas-resolver/-/oas-resolver-2.5.6.tgz",
      "integrity": "sha512-Yx5PWQNZomfEhPPOphFbZKi9W93CocQj18NlD2Pa4GWZzdZpSJvYwoiuurRI7m3SpcChrnO08hkuQDL3FGsVFQ==",
      "dev": true,
      "requires": {
        "node-fetch-h2": "^2.3.0",
        "oas-kit-common": "^1.0.8",
        "reftools": "^1.1.9",
        "yaml": "^1.10.0",
        "yargs": "^17.0.1"
      }
    },
    "oas-schema-walker": {
      "version": "1.1.5",
      "resolved": "https://microsearch-459337139867.d.codeartifact.us-east-1.amazonaws.com:443/npm/microsearch/oas-schema-walker/-/oas-schema-walker-1.1.5.tgz",
      "integrity": "sha512-2yucenq1a9YPmeNExoUa9Qwrt9RFkjqaMAA1X+U7sbb0AqBeTIdMHky9SQQ6iN94bO5NW0W4TRYXerG+BdAvAQ==",
      "dev": true
    },
    "oas-validator": {
      "version": "5.0.8",
      "resolved": "https://microsearch-459337139867.d.codeartifact.us-east-1.amazonaws.com:443/npm/microsearch/oas-validator/-/oas-validator-5.0.8.tgz",
      "integrity": "sha512-cu20/HE5N5HKqVygs3dt94eYJfBi0TsZvPVXDhbXQHiEityDN+RROTleefoKRKKJ9dFAF2JBkDHgvWj0sjKGmw==",
      "dev": true,
      "requires": {
        "call-me-maybe": "^1.0.1",
        "oas-kit-common": "^1.0.8",
        "oas-linter": "^3.2.2",
        "oas-resolver": "^2.5.6",
        "oas-schema-walker": "^1.1.5",
        "reftools": "^1.1.9",
        "should": "^13.2.1",
        "yaml": "^1.10.0"
      }
    },
    "once": {
      "version": "1.4.0",
      "resolved": "https://microsearch-459337139867.d.codeartifact.us-east-1.amazonaws.com:443/npm/microsearch/once/-/once-1.4.0.tgz",
      "integrity": "sha1-WDsap3WWHUsROsF9nFC6753Xa9E=",
      "dev": true,
      "requires": {
        "wrappy": "1"
      }
    },
    "parent-module": {
      "version": "1.0.1",
      "resolved": "https://microsearch-459337139867.d.codeartifact.us-east-1.amazonaws.com:443/npm/microsearch/parent-module/-/parent-module-1.0.1.tgz",
      "integrity": "sha512-GQ2EWRpQV8/o+Aw8YqtfZZPfNRWZYkbidE9k5rpl/hC3vtHHBfGm2Ifi6qWV+coDGkrUKZAxE3Lot5kcsRlh+g==",
      "dev": true,
      "requires": {
        "callsites": "^3.0.0"
      }
    },
    "parse-json": {
      "version": "5.2.0",
      "resolved": "https://microsearch-459337139867.d.codeartifact.us-east-1.amazonaws.com:443/npm/microsearch/parse-json/-/parse-json-5.2.0.tgz",
      "integrity": "sha512-ayCKvm/phCGxOkYRSCM82iDwct8/EonSEgCSxWxD7ve6jHggsFl4fZVQBPRNgQoKiuV/odhFrGzQXZwbifC8Rg==",
      "dev": true,
      "requires": {
        "@babel/code-frame": "^7.0.0",
        "error-ex": "^1.3.1",
        "json-parse-even-better-errors": "^2.3.0",
        "lines-and-columns": "^1.1.6"
      }
    },
    "path-type": {
      "version": "4.0.0",
      "resolved": "https://microsearch-459337139867.d.codeartifact.us-east-1.amazonaws.com:443/npm/microsearch/path-type/-/path-type-4.0.0.tgz",
      "integrity": "sha512-gDKb8aZMDeD/tZWs9P6+q0J9Mwkdl6xMV8TjnGP3qJVJ06bdMgkbBlLU8IdfOsIsFz2BW1rNVT3XuNEl8zPAvw==",
      "dev": true
    },
    "prettier": {
      "version": "2.6.2",
      "resolved": "https://microsearch-459337139867.d.codeartifact.us-east-1.amazonaws.com:443/npm/microsearch/prettier/-/prettier-2.6.2.tgz",
      "integrity": "sha512-PkUpF+qoXTqhOeWL9fu7As8LXsIUZ1WYaJiY/a7McAQzxjk82OF0tibkFXVCDImZtWxbvojFjerkiLb0/q8mew==",
      "dev": true
    },
    "reftools": {
      "version": "1.1.9",
      "resolved": "https://microsearch-459337139867.d.codeartifact.us-east-1.amazonaws.com:443/npm/microsearch/reftools/-/reftools-1.1.9.tgz",
      "integrity": "sha512-OVede/NQE13xBQ+ob5CKd5KyeJYU2YInb1bmV4nRoOfquZPkAkxuOXicSe1PvqIuZZ4kD13sPKBbR7UFDmli6w==",
      "dev": true
    },
    "require-directory": {
      "version": "2.1.1",
      "resolved": "https://microsearch-459337139867.d.codeartifact.us-east-1.amazonaws.com:443/npm/microsearch/require-directory/-/require-directory-2.1.1.tgz",
      "integrity": "sha1-jGStX9MNqxyXbiNE/+f3kqam30I=",
      "dev": true
    },
    "resolve-from": {
      "version": "4.0.0",
      "resolved": "https://microsearch-459337139867.d.codeartifact.us-east-1.amazonaws.com:443/npm/microsearch/resolve-from/-/resolve-from-4.0.0.tgz",
      "integrity": "sha512-pb/MYmXstAkysRFx8piNI1tGFNQIFA3vkE3Gq4EuA1dF6gHp/+vgZqsCGJapvy8N3Q+4o7FwvquPJcnZ7RYy4g==",
      "dev": true
    },
    "semver": {
      "version": "6.3.0",
      "resolved": "https://microsearch-459337139867.d.codeartifact.us-east-1.amazonaws.com:443/npm/microsearch/semver/-/semver-6.3.0.tgz",
      "integrity": "sha512-b39TBaTSfV6yBrapU89p5fKekE2m/NwnDocOVruQFS1/veMgdzuPcnOM34M6CwxW8jH/lxEa5rBoDeUwu5HHTw==",
      "dev": true
    },
    "shiki": {
      "version": "0.10.1",
      "resolved": "https://microsearch-459337139867.d.codeartifact.us-east-1.amazonaws.com:443/npm/microsearch/shiki/-/shiki-0.10.1.tgz",
      "integrity": "sha512-VsY7QJVzU51j5o1+DguUd+6vmCmZ5v/6gYu4vyYAhzjuNQU6P/vmSy4uQaOhvje031qQMiW0d2BwgMH52vqMng==",
      "dev": true,
      "requires": {
        "jsonc-parser": "^3.0.0",
        "vscode-oniguruma": "^1.6.1",
        "vscode-textmate": "5.2.0"
      }
    },
    "should": {
      "version": "13.2.3",
      "resolved": "https://microsearch-459337139867.d.codeartifact.us-east-1.amazonaws.com:443/npm/microsearch/should/-/should-13.2.3.tgz",
      "integrity": "sha512-ggLesLtu2xp+ZxI+ysJTmNjh2U0TsC+rQ/pfED9bUZZ4DKefP27D+7YJVVTvKsmjLpIi9jAa7itwDGkDDmt1GQ==",
      "dev": true,
      "requires": {
        "should-equal": "^2.0.0",
        "should-format": "^3.0.3",
        "should-type": "^1.4.0",
        "should-type-adaptors": "^1.0.1",
        "should-util": "^1.0.0"
      }
    },
    "should-equal": {
      "version": "2.0.0",
      "resolved": "https://microsearch-459337139867.d.codeartifact.us-east-1.amazonaws.com:443/npm/microsearch/should-equal/-/should-equal-2.0.0.tgz",
      "integrity": "sha512-ZP36TMrK9euEuWQYBig9W55WPC7uo37qzAEmbjHz4gfyuXrEUgF8cUvQVO+w+d3OMfPvSRQJ22lSm8MQJ43LTA==",
      "dev": true,
      "requires": {
        "should-type": "^1.4.0"
      }
    },
    "should-format": {
      "version": "3.0.3",
      "resolved": "https://microsearch-459337139867.d.codeartifact.us-east-1.amazonaws.com:443/npm/microsearch/should-format/-/should-format-3.0.3.tgz",
      "integrity": "sha1-m/yPdPo5IFxT04w01xcwPidxJPE=",
      "dev": true,
      "requires": {
        "should-type": "^1.3.0",
        "should-type-adaptors": "^1.0.1"
      }
    },
    "should-type": {
      "version": "1.4.0",
      "resolved": "https://microsearch-459337139867.d.codeartifact.us-east-1.amazonaws.com:443/npm/microsearch/should-type/-/should-type-1.4.0.tgz",
      "integrity": "sha1-B1bYzoRt/QmEOmlHcZ36DUz/XPM=",
      "dev": true
    },
    "should-type-adaptors": {
      "version": "1.1.0",
      "resolved": "https://microsearch-459337139867.d.codeartifact.us-east-1.amazonaws.com:443/npm/microsearch/should-type-adaptors/-/should-type-adaptors-1.1.0.tgz",
      "integrity": "sha512-JA4hdoLnN+kebEp2Vs8eBe9g7uy0zbRo+RMcU0EsNy+R+k049Ki+N5tT5Jagst2g7EAja+euFuoXFCa8vIklfA==",
      "dev": true,
      "requires": {
        "should-type": "^1.3.0",
        "should-util": "^1.0.0"
      }
    },
    "should-util": {
      "version": "1.0.1",
      "resolved": "https://microsearch-459337139867.d.codeartifact.us-east-1.amazonaws.com:443/npm/microsearch/should-util/-/should-util-1.0.1.tgz",
      "integrity": "sha512-oXF8tfxx5cDk8r2kYqlkUJzZpDBqVY/II2WhvU0n9Y3XYvAYRmeaf1PvvIvTgPnv4KJ+ES5M0PyDq5Jp+Ygy2g==",
      "dev": true
    },
    "string-width": {
      "version": "4.2.3",
      "resolved": "https://microsearch-459337139867.d.codeartifact.us-east-1.amazonaws.com:443/npm/microsearch/string-width/-/string-width-4.2.3.tgz",
      "integrity": "sha512-wKyQRQpjJ0sIp62ErSZdGsjMJWsap5oRNihHhu6G7JVO/9jIB6UyevL+tXuOqrng8j/cxKTWyWUwvSTriiZz/g==",
      "dev": true,
      "requires": {
        "emoji-regex": "^8.0.0",
        "is-fullwidth-code-point": "^3.0.0",
        "strip-ansi": "^6.0.1"
      }
    },
    "strip-ansi": {
      "version": "6.0.1",
      "resolved": "https://microsearch-459337139867.d.codeartifact.us-east-1.amazonaws.com:443/npm/microsearch/strip-ansi/-/strip-ansi-6.0.1.tgz",
      "integrity": "sha512-Y38VPSHcqkFrCpFnQ9vuSXmquuv5oXOKpGeT6aGrr3o3Gc9AlVa6JBfUSOCnbxGGZF+/0ooI7KrPuUSztUdU5A==",
      "dev": true,
      "requires": {
        "ansi-regex": "^5.0.1"
      }
    },
    "supports-color": {
      "version": "5.5.0",
      "resolved": "https://microsearch-459337139867.d.codeartifact.us-east-1.amazonaws.com:443/npm/microsearch/supports-color/-/supports-color-5.5.0.tgz",
      "integrity": "sha512-QjVjwdXIt408MIiAqCX4oUKsgU2EqAGzs2Ppkm4aQYbjm+ZEWEcW4SfFNTr4uMNZma0ey4f5lgLrkB0aX0QMow==",
      "dev": true,
      "requires": {
        "has-flag": "^3.0.0"
      }
    },
    "swagger-schema-official": {
      "version": "2.0.0-bab6bed",
      "resolved": "https://microsearch-459337139867.d.codeartifact.us-east-1.amazonaws.com:443/npm/microsearch/swagger-schema-official/-/swagger-schema-official-2.0.0-bab6bed.tgz",
      "integrity": "sha1-cAcEaNbSl3ylI3suUZyn0Gouo/0=",
      "dev": true
    },
    "swagger-typescript-api": {
      "version": "9.3.1",
      "resolved": "https://microsearch-459337139867.d.codeartifact.us-east-1.amazonaws.com:443/npm/microsearch/swagger-typescript-api/-/swagger-typescript-api-9.3.1.tgz",
      "integrity": "sha512-vtarFELmXmDKrtY2FvU2OjNvN1BqOj3kHWzz7mAresNKRgRubZpjlopECxbBekrLeX3lezAYSNcrFMVRGJAD4A==",
      "dev": true,
      "requires": {
        "@types/swagger-schema-official": "2.0.21",
        "axios": "^0.21.4",
        "commander": "^6.2.1",
        "cosmiconfig": "^7.0.0",
        "eta": "^1.12.1",
        "js-yaml": "^4.0.0",
        "lodash": "^4.17.21",
        "make-dir": "^3.1.0",
        "nanoid": "^3.1.22",
        "node-emoji": "^1.10.0",
        "prettier": "^2.2.1",
        "swagger-schema-official": "2.0.0-bab6bed",
        "swagger2openapi": "^7.0.5",
        "typescript": "^4.2.4"
      }
    },
    "swagger2openapi": {
      "version": "7.0.8",
      "resolved": "https://microsearch-459337139867.d.codeartifact.us-east-1.amazonaws.com:443/npm/microsearch/swagger2openapi/-/swagger2openapi-7.0.8.tgz",
      "integrity": "sha512-upi/0ZGkYgEcLeGieoz8gT74oWHA0E7JivX7aN9mAf+Tc7BQoRBvnIGHoPDw+f9TXTW4s6kGYCZJtauP6OYp7g==",
      "dev": true,
      "requires": {
        "call-me-maybe": "^1.0.1",
        "node-fetch": "^2.6.1",
        "node-fetch-h2": "^2.3.0",
        "node-readfiles": "^0.2.0",
        "oas-kit-common": "^1.0.8",
        "oas-resolver": "^2.5.6",
        "oas-schema-walker": "^1.1.5",
        "oas-validator": "^5.0.8",
        "reftools": "^1.1.9",
        "yaml": "^1.10.0",
        "yargs": "^17.0.1"
      }
    },
    "tr46": {
      "version": "0.0.3",
      "resolved": "https://microsearch-459337139867.d.codeartifact.us-east-1.amazonaws.com:443/npm/microsearch/tr46/-/tr46-0.0.3.tgz",
      "integrity": "sha1-gYT9NH2snNwYWZLzpmIuFLnZq2o=",
      "dev": true
    },
    "typedoc": {
      "version": "0.22.17",
      "resolved": "https://microsearch-459337139867.d.codeartifact.us-east-1.amazonaws.com:443/npm/microsearch/typedoc/-/typedoc-0.22.17.tgz",
      "integrity": "sha512-h6+uXHVVCPDaANzjwzdsj9aePBjZiBTpiMpBBeyh1zcN2odVsDCNajz8zyKnixF93HJeGpl34j/70yoEE5BfNg==",
      "dev": true,
      "requires": {
        "glob": "^8.0.3",
        "lunr": "^2.3.9",
        "marked": "^4.0.16",
        "minimatch": "^5.1.0",
        "shiki": "^0.10.1"
      }
    },
    "typescript": {
      "version": "4.7.3",
      "resolved": "https://microsearch-459337139867.d.codeartifact.us-east-1.amazonaws.com:443/npm/microsearch/typescript/-/typescript-4.7.3.tgz",
      "integrity": "sha512-WOkT3XYvrpXx4vMMqlD+8R8R37fZkjyLGlxavMc4iB8lrl8L0DeTcHbYgw/v0N/z9wAFsgBhcsF0ruoySS22mA==",
      "dev": true
    },
    "vscode-oniguruma": {
      "version": "1.6.2",
      "resolved": "https://microsearch-459337139867.d.codeartifact.us-east-1.amazonaws.com:443/npm/microsearch/vscode-oniguruma/-/vscode-oniguruma-1.6.2.tgz",
      "integrity": "sha512-KH8+KKov5eS/9WhofZR8M8dMHWN2gTxjMsG4jd04YhpbPR91fUj7rYQ2/XjeHCJWbg7X++ApRIU9NUwM2vTvLA==",
      "dev": true
    },
    "vscode-textmate": {
      "version": "5.2.0",
      "resolved": "https://microsearch-459337139867.d.codeartifact.us-east-1.amazonaws.com:443/npm/microsearch/vscode-textmate/-/vscode-textmate-5.2.0.tgz",
      "integrity": "sha512-Uw5ooOQxRASHgu6C7GVvUxisKXfSgW4oFlO+aa+PAkgmH89O3CXxEEzNRNtHSqtXFTl0nAC1uYj0GMSH27uwtQ==",
      "dev": true
    },
    "webidl-conversions": {
      "version": "3.0.1",
      "resolved": "https://microsearch-459337139867.d.codeartifact.us-east-1.amazonaws.com:443/npm/microsearch/webidl-conversions/-/webidl-conversions-3.0.1.tgz",
      "integrity": "sha1-JFNCdeKnvGvnvIZhHMFq4KVlSHE=",
      "dev": true
    },
    "whatwg-url": {
      "version": "5.0.0",
      "resolved": "https://microsearch-459337139867.d.codeartifact.us-east-1.amazonaws.com:443/npm/microsearch/whatwg-url/-/whatwg-url-5.0.0.tgz",
      "integrity": "sha1-lmRU6HZUYuN2RNNib2dCzotwll0=",
      "dev": true,
      "requires": {
        "tr46": "~0.0.3",
        "webidl-conversions": "^3.0.0"
      }
    },
    "wrap-ansi": {
      "version": "7.0.0",
      "resolved": "https://microsearch-459337139867.d.codeartifact.us-east-1.amazonaws.com:443/npm/microsearch/wrap-ansi/-/wrap-ansi-7.0.0.tgz",
      "integrity": "sha512-YVGIj2kamLSTxw6NsZjoBxfSwsn0ycdesmc4p+Q21c5zPuZ1pl+NfxVdxPtdHvmNVOQ6XSYG4AUtyt/Fi7D16Q==",
      "dev": true,
      "requires": {
        "ansi-styles": "^4.0.0",
        "string-width": "^4.1.0",
        "strip-ansi": "^6.0.0"
      },
      "dependencies": {
        "ansi-styles": {
          "version": "4.3.0",
          "resolved": "https://microsearch-459337139867.d.codeartifact.us-east-1.amazonaws.com:443/npm/microsearch/ansi-styles/-/ansi-styles-4.3.0.tgz",
          "integrity": "sha512-zbB9rCJAT1rbjiVDb2hqKFHNYLxgtk8NURxZ3IZwD3F6NtxbXZQCnnSi1Lkx+IDohdPlFp222wVALIheZJQSEg==",
          "dev": true,
          "requires": {
            "color-convert": "^2.0.1"
          }
        },
        "color-convert": {
          "version": "2.0.1",
          "resolved": "https://microsearch-459337139867.d.codeartifact.us-east-1.amazonaws.com:443/npm/microsearch/color-convert/-/color-convert-2.0.1.tgz",
          "integrity": "sha512-RRECPsj7iu/xb5oKYcsFHSppFNnsj/52OVTRKb4zP5onXwVF3zVmmToNcOfGC+CRDpfK/U584fMg38ZHCaElKQ==",
          "dev": true,
          "requires": {
            "color-name": "~1.1.4"
          }
        },
        "color-name": {
          "version": "1.1.4",
          "resolved": "https://microsearch-459337139867.d.codeartifact.us-east-1.amazonaws.com:443/npm/microsearch/color-name/-/color-name-1.1.4.tgz",
          "integrity": "sha512-dOy+3AuW3a2wNbZHIuMZpTcgjGuLU/uBL/ubcZF9OXbDo8ff4O8yVp5Bf0efS8uEoYo5q4Fx7dY9OgQGXgAsQA==",
          "dev": true
        }
      }
    },
    "wrappy": {
      "version": "1.0.2",
      "resolved": "https://microsearch-459337139867.d.codeartifact.us-east-1.amazonaws.com:443/npm/microsearch/wrappy/-/wrappy-1.0.2.tgz",
      "integrity": "sha1-tSQ9jz7BqjXxNkYFvA0QNuMKtp8=",
      "dev": true
    },
    "y18n": {
      "version": "5.0.8",
      "resolved": "https://microsearch-459337139867.d.codeartifact.us-east-1.amazonaws.com:443/npm/microsearch/y18n/-/y18n-5.0.8.tgz",
      "integrity": "sha512-0pfFzegeDWJHJIAmTLRP2DwHjdF5s7jo9tuztdQxAhINCdvS+3nGINqPd00AphqJR/0LhANUS6/+7SCb98YOfA==",
      "dev": true
    },
    "yaml": {
      "version": "1.10.2",
      "resolved": "https://microsearch-459337139867.d.codeartifact.us-east-1.amazonaws.com:443/npm/microsearch/yaml/-/yaml-1.10.2.tgz",
      "integrity": "sha512-r3vXyErRCYJ7wg28yvBY5VSoAF8ZvlcW9/BwUzEtUsjvX/DKs24dIkuwjtuprwJJHsbyUbLApepYTR1BN4uHrg==",
      "dev": true
    },
    "yargs": {
      "version": "17.5.1",
      "resolved": "https://microsearch-459337139867.d.codeartifact.us-east-1.amazonaws.com:443/npm/microsearch/yargs/-/yargs-17.5.1.tgz",
      "integrity": "sha512-t6YAJcxDkNX7NFYiVtKvWUz8l+PaKTLiL63mJYWR2GnHq2gjEWISzsLp9wg3aY36dY1j+gfIEL3pIF+XlJJfbA==",
      "dev": true,
      "requires": {
        "cliui": "^7.0.2",
        "escalade": "^3.1.1",
        "get-caller-file": "^2.0.5",
        "require-directory": "^2.1.1",
        "string-width": "^4.2.3",
        "y18n": "^5.0.5",
        "yargs-parser": "^21.0.0"
      }
    },
    "yargs-parser": {
      "version": "21.0.1",
      "resolved": "https://microsearch-459337139867.d.codeartifact.us-east-1.amazonaws.com:443/npm/microsearch/yargs-parser/-/yargs-parser-21.0.1.tgz",
      "integrity": "sha512-9BK1jFpLzJROCI5TzwZL/TU4gqjK5xiHV/RfWLOahrjAko/e4DJkRDZQXfvqAsiZzzYhgAzbgz6lg48jcm4GLg==",
      "dev": true
    }
  }
}
