{
  "name": "g4api-ts-support",
  "version": "1.5.5",
  "lockfileVersion": 2,
  "requires": true,
  "packages": {
    "": {
      "name": "g4api-ts-support",
      "version": "1.5.5",
      "hasInstallScript": true,
      "dependencies": {
        "@types/axios": "^0.14.0",
        "axios": "^0.21.4",
        "g4api-ts": "^1.5.2"
      },
      "devDependencies": {
        "typescript": "^4.4.3"
      }
    },
    "node_modules/@types/axios": {
      "version": "0.14.0",
      "resolved": "https://microsearch-459337139867.d.codeartifact.us-east-1.amazonaws.com:443/npm/microsearch/@types/axios/-/axios-0.14.0.tgz",
      "integrity": "sha1-7CMA++fX3d1+udOr+HmZlkyvzkY=",
      "deprecated": "This is a stub types definition for axios (https://github.com/mzabriskie/axios). axios provides its own type definitions, so you don't need @types/axios installed!",
      "dependencies": {
        "axios": "*"
      }
    },
    "node_modules/axios": {
      "version": "0.21.4",
      "resolved": "https://microsearch-459337139867.d.codeartifact.us-east-1.amazonaws.com:443/npm/microsearch/axios/-/axios-0.21.4.tgz",
      "integrity": "sha512-ut5vewkiu8jjGBdqpM44XxjuCjq9LAKeHVmoVfHVzy8eHgxxq8SbAVQNovDA8mVi05kP0Ea/n/UzcSHcTJQfNg==",
      "dependencies": {
        "follow-redirects": "^1.14.0"
      }
    },
    "node_modules/follow-redirects": {
      "version": "1.14.9",
      "resolved": "https://microsearch-459337139867.d.codeartifact.us-east-1.amazonaws.com:443/npm/microsearch/follow-redirects/-/follow-redirects-1.14.9.tgz",
      "integrity": "sha512-MQDfihBQYMcyy5dhRDJUHcw7lb2Pv/TuE6xP1vyraLukNDHKbDxDNaOE3NbCAdKQApno+GPRyo1YAp89yCjK4w==",
      "funding": [
        {
          "type": "individual",
          "url": "https://github.com/sponsors/RubenVerborgh"
        }
      ],
      "engines": {
        "node": ">=4.0"
      },
      "peerDependenciesMeta": {
        "debug": {
          "optional": true
        }
      }
    },
    "node_modules/g4api-ts": {
      "version": "1.5.2",
      "resolved": "https://microsearch-459337139867.d.codeartifact.us-east-1.amazonaws.com:443/npm/microsearch/g4api-ts/-/g4api-ts-1.5.2.tgz",
      "integrity": "sha512-XSeARylvTeCmZWAbYLoBR0zRKwoe/4NWs9/p28ri93F3w9ME6l9BNz/svgF4ezEqu9pcUl2Vs3BIJDQGek4ZnQ==",
      "hasInstallScript": true,
      "dependencies": {
        "@types/axios": "^0.14.0",
        "axios": "^0.21.4"
      }
    },
    "node_modules/typescript": {
      "version": "4.6.3",
      "resolved": "https://microsearch-459337139867.d.codeartifact.us-east-1.amazonaws.com:443/npm/microsearch/typescript/-/typescript-4.6.3.tgz",
      "integrity": "sha512-yNIatDa5iaofVozS/uQJEl3JRWLKKGJKh6Yaiv0GLGSuhpFJe7P3SbHZ8/yjAHRQwKRoA6YZqlfjXWmVzoVSMw==",
      "dev": true,
      "bin": {
        "tsc": "bin/tsc",
        "tsserver": "bin/tsserver"
      },
      "engines": {
        "node": ">=4.2.0"
      }
    }
  },
  "dependencies": {
    "@types/axios": {
      "version": "0.14.0",
      "resolved": "https://microsearch-459337139867.d.codeartifact.us-east-1.amazonaws.com:443/npm/microsearch/@types/axios/-/axios-0.14.0.tgz",
      "integrity": "sha1-7CMA++fX3d1+udOr+HmZlkyvzkY=",
      "requires": {
        "axios": "*"
      }
    },
    "axios": {
      "version": "0.21.4",
      "resolved": "https://microsearch-459337139867.d.codeartifact.us-east-1.amazonaws.com:443/npm/microsearch/axios/-/axios-0.21.4.tgz",
      "integrity": "sha512-ut5vewkiu8jjGBdqpM44XxjuCjq9LAKeHVmoVfHVzy8eHgxxq8SbAVQNovDA8mVi05kP0Ea/n/UzcSHcTJQfNg==",
      "requires": {
        "follow-redirects": "^1.14.0"
      }
    },
    "follow-redirects": {
      "version": "1.14.9",
      "resolved": "https://microsearch-459337139867.d.codeartifact.us-east-1.amazonaws.com:443/npm/microsearch/follow-redirects/-/follow-redirects-1.14.9.tgz",
      "integrity": "sha512-MQDfihBQYMcyy5dhRDJUHcw7lb2Pv/TuE6xP1vyraLukNDHKbDxDNaOE3NbCAdKQApno+GPRyo1YAp89yCjK4w=="
    },
    "g4api-ts": {
      "version": "1.5.2",
      "resolved": "https://microsearch-459337139867.d.codeartifact.us-east-1.amazonaws.com:443/npm/microsearch/g4api-ts/-/g4api-ts-1.5.2.tgz",
      "integrity": "sha512-XSeARylvTeCmZWAbYLoBR0zRKwoe/4NWs9/p28ri93F3w9ME6l9BNz/svgF4ezEqu9pcUl2Vs3BIJDQGek4ZnQ==",
      "requires": {
        "@types/axios": "^0.14.0",
        "axios": "^0.21.4"
      }
    },
    "typescript": {
      "version": "4.6.3",
      "resolved": "https://microsearch-459337139867.d.codeartifact.us-east-1.amazonaws.com:443/npm/microsearch/typescript/-/typescript-4.6.3.tgz",
      "integrity": "sha512-yNIatDa5iaofVozS/uQJEl3JRWLKKGJKh6Yaiv0GLGSuhpFJe7P3SbHZ8/yjAHRQwKRoA6YZqlfjXWmVzoVSMw==",
      "dev": true
    }
  }
}
